# This file is generated by running "yarn install" inside your project.
# Manual changes might be lost - proceed with caution!

__metadata:
  version: 8
  cacheKey: 10c0

"@types/debug@npm:^4.0.0":
  version: 4.1.12
  resolution: "@types/debug@npm:4.1.12"
  dependencies:
    "@types/ms": "npm:*"
  checksum: 5dcd465edbb5a7f226e9a5efd1f399c6172407ef5840686b73e3608ce135eeca54ae8037dcd9f16bdb2768ac74925b820a8b9ecc588a58ca09eca6acabe33e2f
  languageName: node
  linkType: hard

"@types/mdast@npm:^4.0.0":
  version: 4.0.4
  resolution: "@types/mdast@npm:4.0.4"
  dependencies:
    "@types/unist": "npm:*"
  checksum: 84f403dbe582ee508fd9c7643ac781ad8597fcbfc9ccb8d4715a2c92e4545e5772cbd0dbdf18eda65789386d81b009967fdef01b24faf6640f817287f54d9c82
  languageName: node
  linkType: hard

"@types/ms@npm:*":
  version: 0.7.34
  resolution: "@types/ms@npm:0.7.34"
  checksum: ac80bd90012116ceb2d188fde62d96830ca847823e8ca71255616bc73991aa7d9f057b8bfab79e8ee44ffefb031ddd1bcce63ea82f9e66f7c31ec02d2d823ccc
  languageName: node
  linkType: hard

"@types/unist@npm:*, @types/unist@npm:^3.0.0":
  version: 3.0.3
  resolution: "@types/unist@npm:3.0.3"
  checksum: 2b1e4adcab78388e088fcc3c0ae8700f76619dbcb4741d7d201f87e2cb346bfc29a89003cfea2d76c996e1061452e14fcd737e8b25aacf949c1f2d6b2bc3dd60
  languageName: node
  linkType: hard

"bail@npm:^2.0.0":
  version: 2.0.2
  resolution: "bail@npm:2.0.2"
  checksum: 25cbea309ef6a1f56214187004e8f34014eb015713ea01fa5b9b7e9e776ca88d0fdffd64143ac42dc91966c915a4b7b683411b56e14929fad16153fc026ffb8b
  languageName: node
  linkType: hard

"character-entities@npm:^2.0.0":
  version: 2.0.2
  resolution: "character-entities@npm:2.0.2"
  checksum: b0c645a45bcc90ff24f0e0140f4875a8436b8ef13b6bcd31ec02cfb2ca502b680362aa95386f7815bdc04b6464d48cf191210b3840d7c04241a149ede591a308
  languageName: node
  linkType: hard

"debug@npm:^4.0.0":
  version: 4.3.7
  resolution: "debug@npm:4.3.7"
  dependencies:
    ms: "npm:^2.1.3"
  peerDependenciesMeta:
    supports-color:
      optional: true
  checksum: 1471db19c3b06d485a622d62f65947a19a23fbd0dd73f7fd3eafb697eec5360cde447fb075919987899b1a2096e85d35d4eb5a4de09a57600ac9cf7e6c8e768b
  languageName: node
  linkType: hard

"decode-named-character-reference@npm:^1.0.0":
  version: 1.0.2
  resolution: "decode-named-character-reference@npm:1.0.2"
  dependencies:
    character-entities: "npm:^2.0.0"
  checksum: 66a9fc5d9b5385a2b3675c69ba0d8e893393d64057f7dbbb585265bb4fc05ec513d76943b8e5aac7d8016d20eea4499322cbf4cd6d54b466976b78f3a7587a4c
  languageName: node
  linkType: hard

"dequal@npm:^2.0.0":
  version: 2.0.3
  resolution: "dequal@npm:2.0.3"
  checksum: f98860cdf58b64991ae10205137c0e97d384c3a4edc7f807603887b7c4b850af1224a33d88012009f150861cbee4fa2d322c4cc04b9313bee312e47f6ecaa888
  languageName: node
  linkType: hard

"devlop@npm:^1.0.0":
  version: 1.1.0
  resolution: "devlop@npm:1.1.0"
  dependencies:
    dequal: "npm:^2.0.0"
  checksum: e0928ab8f94c59417a2b8389c45c55ce0a02d9ac7fd74ef62d01ba48060129e1d594501b77de01f3eeafc7cb00773819b0df74d96251cf20b31c5b3071f45c0e
  languageName: node
  linkType: hard

"escape-string-regexp@npm:^5.0.0":
  version: 5.0.0
  resolution: "escape-string-regexp@npm:5.0.0"
  checksum: 6366f474c6f37a802800a435232395e04e9885919873e382b157ab7e8f0feb8fed71497f84a6f6a81a49aab41815522f5839112bd38026d203aea0c91622df95
  languageName: node
  linkType: hard

"extend@npm:^3.0.0":
  version: 3.0.2
  resolution: "extend@npm:3.0.2"
  checksum: 73bf6e27406e80aa3e85b0d1c4fd987261e628064e170ca781125c0b635a3dabad5e05adbf07595ea0cf1e6c5396cacb214af933da7cbaf24fe75ff14818e8f9
  languageName: node
  linkType: hard

"fault@npm:^2.0.0":
  version: 2.0.1
  resolution: "fault@npm:2.0.1"
  dependencies:
    format: "npm:^0.2.0"
  checksum: b80fbf1019b9ce8b08ee09ce86e02b028563e13a32ac3be34e42bfac00a97b96d8dee6d31e26578ffc16224eb6729e01ff1f97ddfeee00494f4f56c0aeed4bdd
  languageName: node
  linkType: hard

"format@npm:^0.2.0":
  version: 0.2.2
  resolution: "format@npm:0.2.2"
  checksum: 6032ba747541a43abf3e37b402b2f72ee08ebcb58bf84d816443dd228959837f1cddf1e8775b29fa27ff133f4bd146d041bfca5f9cf27f048edf3d493cf8fee6
  languageName: node
  linkType: hard

"is-plain-obj@npm:^4.0.0":
  version: 4.1.0
  resolution: "is-plain-obj@npm:4.1.0"
  checksum: 32130d651d71d9564dc88ba7e6fda0e91a1010a3694648e9f4f47bb6080438140696d3e3e15c741411d712e47ac9edc1a8a9de1fe76f3487b0d90be06ac9975e
  languageName: node
  linkType: hard

"longest-streak@npm:^3.0.0":
  version: 3.1.0
  resolution: "longest-streak@npm:3.1.0"
  checksum: 7c2f02d0454b52834d1bcedef79c557bd295ee71fdabb02d041ff3aa9da48a90b5df7c0409156dedbc4df9b65da18742652aaea4759d6ece01f08971af6a7eaa
  languageName: node
  linkType: hard

"mdast-util-from-markdown@npm:^2.0.0":
  version: 2.0.2
  resolution: "mdast-util-from-markdown@npm:2.0.2"
  dependencies:
    "@types/mdast": "npm:^4.0.0"
    "@types/unist": "npm:^3.0.0"
    decode-named-character-reference: "npm:^1.0.0"
    devlop: "npm:^1.0.0"
    mdast-util-to-string: "npm:^4.0.0"
    micromark: "npm:^4.0.0"
    micromark-util-decode-numeric-character-reference: "npm:^2.0.0"
    micromark-util-decode-string: "npm:^2.0.0"
    micromark-util-normalize-identifier: "npm:^2.0.0"
    micromark-util-symbol: "npm:^2.0.0"
    micromark-util-types: "npm:^2.0.0"
    unist-util-stringify-position: "npm:^4.0.0"
  checksum: 76eb2bd2c6f7a0318087c73376b8af6d7561c1e16654e7667e640f391341096c56142618fd0ff62f6d39e5ab4895898b9789c84cd7cec2874359a437a0e1ff15
  languageName: node
  linkType: hard

"mdast-util-frontmatter@npm:^2.0.0":
  version: 2.0.1
  resolution: "mdast-util-frontmatter@npm:2.0.1"
  dependencies:
    "@types/mdast": "npm:^4.0.0"
    devlop: "npm:^1.0.0"
    escape-string-regexp: "npm:^5.0.0"
    mdast-util-from-markdown: "npm:^2.0.0"
    mdast-util-to-markdown: "npm:^2.0.0"
    micromark-extension-frontmatter: "npm:^2.0.0"
  checksum: d9b0b70dd9c574cc0220d4e05dd8e9d86ac972a6a5af9e0c49c839b31cb750d4313445cfbbdf9264a7fbe3f8c8d920b45358b8500f4286e6b9dc830095b25b9a
  languageName: node
  linkType: hard

"mdast-util-phrasing@npm:^4.0.0":
  version: 4.1.0
  resolution: "mdast-util-phrasing@npm:4.1.0"
  dependencies:
    "@types/mdast": "npm:^4.0.0"
    unist-util-is: "npm:^6.0.0"
  checksum: bf6c31d51349aa3d74603d5e5a312f59f3f65662ed16c58017169a5fb0f84ca98578f626c5ee9e4aa3e0a81c996db8717096705521bddb4a0185f98c12c9b42f
  languageName: node
  linkType: hard

"mdast-util-to-markdown@npm:^2.0.0":
  version: 2.1.2
  resolution: "mdast-util-to-markdown@npm:2.1.2"
  dependencies:
    "@types/mdast": "npm:^4.0.0"
    "@types/unist": "npm:^3.0.0"
    longest-streak: "npm:^3.0.0"
    mdast-util-phrasing: "npm:^4.0.0"
    mdast-util-to-string: "npm:^4.0.0"
    micromark-util-classify-character: "npm:^2.0.0"
    micromark-util-decode-string: "npm:^2.0.0"
    unist-util-visit: "npm:^5.0.0"
    zwitch: "npm:^2.0.0"
  checksum: 4649722a6099f12e797bd8d6469b2b43b44e526b5182862d9c7766a3431caad2c0112929c538a972f214e63c015395e5d3f54bd81d9ac1b16e6d8baaf582f749
  languageName: node
  linkType: hard

"mdast-util-to-string@npm:^4.0.0":
  version: 4.0.0
  resolution: "mdast-util-to-string@npm:4.0.0"
  dependencies:
    "@types/mdast": "npm:^4.0.0"
  checksum: 2d3c1af29bf3fe9c20f552ee9685af308002488f3b04b12fa66652c9718f66f41a32f8362aa2d770c3ff464c034860b41715902ada2306bb0a055146cef064d7
  languageName: node
  linkType: hard

"micromark-core-commonmark@npm:^2.0.0":
  version: 2.0.2
  resolution: "micromark-core-commonmark@npm:2.0.2"
  dependencies:
    decode-named-character-reference: "npm:^1.0.0"
    devlop: "npm:^1.0.0"
    micromark-factory-destination: "npm:^2.0.0"
    micromark-factory-label: "npm:^2.0.0"
    micromark-factory-space: "npm:^2.0.0"
    micromark-factory-title: "npm:^2.0.0"
    micromark-factory-whitespace: "npm:^2.0.0"
    micromark-util-character: "npm:^2.0.0"
    micromark-util-chunked: "npm:^2.0.0"
    micromark-util-classify-character: "npm:^2.0.0"
    micromark-util-html-tag-name: "npm:^2.0.0"
    micromark-util-normalize-identifier: "npm:^2.0.0"
    micromark-util-resolve-all: "npm:^2.0.0"
    micromark-util-subtokenize: "npm:^2.0.0"
    micromark-util-symbol: "npm:^2.0.0"
    micromark-util-types: "npm:^2.0.0"
  checksum: 87c7a75cd339189eb6f1d6323037f7d108d1331d953b84fe839b37fd385ee2292b27222327c1ceffda46ba5d5d4dee703482475e5ee8744be40c9e308d8acb77
  languageName: node
  linkType: hard

"micromark-extension-frontmatter@npm:^2.0.0":
  version: 2.0.0
  resolution: "micromark-extension-frontmatter@npm:2.0.0"
  dependencies:
    fault: "npm:^2.0.0"
    micromark-util-character: "npm:^2.0.0"
    micromark-util-symbol: "npm:^2.0.0"
    micromark-util-types: "npm:^2.0.0"
  checksum: 7d0d876e598917a67146d29f536d6fbbf9d1b2401a77e2f64a3f80f934a63ff26fa94b01759c9185c24b2a91e4e6abf908fa7aa246f00a7778a6b37a17464300
  languageName: node
  linkType: hard

"micromark-factory-destination@npm:^2.0.0":
  version: 2.0.1
  resolution: "micromark-factory-destination@npm:2.0.1"
  dependencies:
    micromark-util-character: "npm:^2.0.0"
    micromark-util-symbol: "npm:^2.0.0"
    micromark-util-types: "npm:^2.0.0"
  checksum: bbafcf869cee5bf511161354cb87d61c142592fbecea051000ff116068dc85216e6d48519d147890b9ea5d7e2864a6341c0c09d9948c203bff624a80a476023c
  languageName: node
  linkType: hard

"micromark-factory-label@npm:^2.0.0":
  version: 2.0.1
  resolution: "micromark-factory-label@npm:2.0.1"
  dependencies:
    devlop: "npm:^1.0.0"
    micromark-util-character: "npm:^2.0.0"
    micromark-util-symbol: "npm:^2.0.0"
    micromark-util-types: "npm:^2.0.0"
  checksum: 0137716b4ecb428114165505e94a2f18855c8bbea21b07a8b5ce514b32a595ed789d2b967125718fc44c4197ceaa48f6609d58807a68e778138d2e6b91b824e8
  languageName: node
  linkType: hard

"micromark-factory-space@npm:^2.0.0":
  version: 2.0.1
  resolution: "micromark-factory-space@npm:2.0.1"
  dependencies:
    micromark-util-character: "npm:^2.0.0"
    micromark-util-types: "npm:^2.0.0"
  checksum: f9ed43f1c0652d8d898de0ac2be3f77f776fffe7dd96bdbba1e02d7ce33d3853c6ff5daa52568fc4fa32cdf3a62d86b85ead9b9189f7211e1d69ff2163c450fb
  languageName: node
  linkType: hard

"micromark-factory-title@npm:^2.0.0":
  version: 2.0.1
  resolution: "micromark-factory-title@npm:2.0.1"
  dependencies:
    micromark-factory-space: "npm:^2.0.0"
    micromark-util-character: "npm:^2.0.0"
    micromark-util-symbol: "npm:^2.0.0"
    micromark-util-types: "npm:^2.0.0"
  checksum: e72fad8d6e88823514916890099a5af20b6a9178ccf78e7e5e05f4de99bb8797acb756257d7a3a57a53854cb0086bf8aab15b1a9e9db8982500dd2c9ff5948b6
  languageName: node
  linkType: hard

"micromark-factory-whitespace@npm:^2.0.0":
  version: 2.0.1
  resolution: "micromark-factory-whitespace@npm:2.0.1"
  dependencies:
    micromark-factory-space: "npm:^2.0.0"
    micromark-util-character: "npm:^2.0.0"
    micromark-util-symbol: "npm:^2.0.0"
    micromark-util-types: "npm:^2.0.0"
  checksum: 20a1ec58698f24b766510a309b23a10175034fcf1551eaa9da3adcbed3e00cd53d1ebe5f030cf873f76a1cec3c34eb8c50cc227be3344caa9ed25d56cf611224
  languageName: node
  linkType: hard

"micromark-util-character@npm:^2.0.0":
  version: 2.1.1
  resolution: "micromark-util-character@npm:2.1.1"
  dependencies:
    micromark-util-symbol: "npm:^2.0.0"
    micromark-util-types: "npm:^2.0.0"
  checksum: d3fe7a5e2c4060fc2a076f9ce699c82a2e87190a3946e1e5eea77f563869b504961f5668d9c9c014724db28ac32fa909070ea8b30c3a39bd0483cc6c04cc76a1
  languageName: node
  linkType: hard

"micromark-util-chunked@npm:^2.0.0":
  version: 2.0.1
  resolution: "micromark-util-chunked@npm:2.0.1"
  dependencies:
    micromark-util-symbol: "npm:^2.0.0"
  checksum: b68c0c16fe8106949537bdcfe1be9cf36c0ccd3bc54c4007003cb0984c3750b6cdd0fd77d03f269a3382b85b0de58bde4f6eedbe7ecdf7244759112289b1ab56
  languageName: node
  linkType: hard

"micromark-util-classify-character@npm:^2.0.0":
  version: 2.0.1
  resolution: "micromark-util-classify-character@npm:2.0.1"
  dependencies:
    micromark-util-character: "npm:^2.0.0"
    micromark-util-symbol: "npm:^2.0.0"
    micromark-util-types: "npm:^2.0.0"
  checksum: 8a02e59304005c475c332f581697e92e8c585bcd45d5d225a66c1c1b14ab5a8062705188c2ccec33cc998d33502514121478b2091feddbc751887fc9c290ed08
  languageName: node
  linkType: hard

"micromark-util-combine-extensions@npm:^2.0.0":
  version: 2.0.1
  resolution: "micromark-util-combine-extensions@npm:2.0.1"
  dependencies:
    micromark-util-chunked: "npm:^2.0.0"
    micromark-util-types: "npm:^2.0.0"
  checksum: f15e282af24c8372cbb10b9b0b3e2c0aa681fea0ca323a44d6bc537dc1d9382c819c3689f14eaa000118f5a163245358ce6276b2cda9a84439cdb221f5d86ae7
  languageName: node
  linkType: hard

"micromark-util-decode-numeric-character-reference@npm:^2.0.0":
  version: 2.0.2
  resolution: "micromark-util-decode-numeric-character-reference@npm:2.0.2"
  dependencies:
    micromark-util-symbol: "npm:^2.0.0"
  checksum: 9c8a9f2c790e5593ffe513901c3a110e9ec8882a08f466da014112a25e5059b51551ca0aeb7ff494657d86eceb2f02ee556c6558b8d66aadc61eae4a240da0df
  languageName: node
  linkType: hard

"micromark-util-decode-string@npm:^2.0.0":
  version: 2.0.1
  resolution: "micromark-util-decode-string@npm:2.0.1"
  dependencies:
    decode-named-character-reference: "npm:^1.0.0"
    micromark-util-character: "npm:^2.0.0"
    micromark-util-decode-numeric-character-reference: "npm:^2.0.0"
    micromark-util-symbol: "npm:^2.0.0"
  checksum: f24d75b2e5310be6e7b6dee532e0d17d3bf46996841d6295f2a9c87a2046fff4ab603c52ab9d7a7a6430a8b787b1574ae895849c603d262d1b22eef71736b5cb
  languageName: node
  linkType: hard

"micromark-util-encode@npm:^2.0.0":
  version: 2.0.1
  resolution: "micromark-util-encode@npm:2.0.1"
  checksum: b2b29f901093845da8a1bf997ea8b7f5e061ffdba85070dfe14b0197c48fda64ffcf82bfe53c90cf9dc185e69eef8c5d41cae3ba918b96bc279326921b59008a
  languageName: node
  linkType: hard

"micromark-util-html-tag-name@npm:^2.0.0":
  version: 2.0.1
  resolution: "micromark-util-html-tag-name@npm:2.0.1"
  checksum: ae80444db786fde908e9295f19a27a4aa304171852c77414516418650097b8afb401961c9edb09d677b06e97e8370cfa65638dde8438ebd41d60c0a8678b85b9
  languageName: node
  linkType: hard

"micromark-util-normalize-identifier@npm:^2.0.0":
  version: 2.0.1
  resolution: "micromark-util-normalize-identifier@npm:2.0.1"
  dependencies:
    micromark-util-symbol: "npm:^2.0.0"
  checksum: 5299265fa360769fc499a89f40142f10a9d4a5c3dd8e6eac8a8ef3c2e4a6570e4c009cf75ea46dce5ee31c01f25587bde2f4a5cc0a935584ae86dd857f2babbd
  languageName: node
  linkType: hard

"micromark-util-resolve-all@npm:^2.0.0":
  version: 2.0.1
  resolution: "micromark-util-resolve-all@npm:2.0.1"
  dependencies:
    micromark-util-types: "npm:^2.0.0"
  checksum: bb6ca28764696bb479dc44a2d5b5fe003e7177aeae1d6b0d43f24cc223bab90234092d9c3ce4a4d2b8df095ccfd820537b10eb96bb7044d635f385d65a4c984a
  languageName: node
  linkType: hard

"micromark-util-sanitize-uri@npm:^2.0.0":
  version: 2.0.1
  resolution: "micromark-util-sanitize-uri@npm:2.0.1"
  dependencies:
    micromark-util-character: "npm:^2.0.0"
    micromark-util-encode: "npm:^2.0.0"
    micromark-util-symbol: "npm:^2.0.0"
  checksum: 60e92166e1870fd4f1961468c2651013ff760617342918e0e0c3c4e872433aa2e60c1e5a672bfe5d89dc98f742d6b33897585cf86ae002cda23e905a3c02527c
  languageName: node
  linkType: hard

"micromark-util-subtokenize@npm:^2.0.0":
  version: 2.0.2
  resolution: "micromark-util-subtokenize@npm:2.0.2"
  dependencies:
    devlop: "npm:^1.0.0"
    micromark-util-chunked: "npm:^2.0.0"
    micromark-util-symbol: "npm:^2.0.0"
    micromark-util-types: "npm:^2.0.0"
  checksum: 9287a108778396720513701c6f1f95651823f30a9dfe5014551b7e6d9e7f5381c970ebdd9e77244e935a52a0e09290825042c26ef2e7cfe2bae4bb4532731f41
  languageName: node
  linkType: hard

"micromark-util-symbol@npm:^2.0.0":
  version: 2.0.1
  resolution: "micromark-util-symbol@npm:2.0.1"
  checksum: f2d1b207771e573232436618e78c5e46cd4b5c560dd4a6d63863d58018abbf49cb96ec69f7007471e51434c60de3c9268ef2bf46852f26ff4aacd10f9da16fe9
  languageName: node
  linkType: hard

"micromark-util-types@npm:^2.0.0":
  version: 2.0.1
  resolution: "micromark-util-types@npm:2.0.1"
  checksum: 872ec9334bb42afcc91c5bed8b7ee03b75654b36c6f221ab4d2b1bb0299279f00db948bf38ec6bc1ec03d0cf7842c21ab805190bf676157ba587eb0386d38b71
  languageName: node
  linkType: hard

"micromark@npm:^4.0.0":
  version: 4.0.1
  resolution: "micromark@npm:4.0.1"
  dependencies:
    "@types/debug": "npm:^4.0.0"
    debug: "npm:^4.0.0"
    decode-named-character-reference: "npm:^1.0.0"
    devlop: "npm:^1.0.0"
    micromark-core-commonmark: "npm:^2.0.0"
    micromark-factory-space: "npm:^2.0.0"
    micromark-util-character: "npm:^2.0.0"
    micromark-util-chunked: "npm:^2.0.0"
    micromark-util-combine-extensions: "npm:^2.0.0"
    micromark-util-decode-numeric-character-reference: "npm:^2.0.0"
    micromark-util-encode: "npm:^2.0.0"
    micromark-util-normalize-identifier: "npm:^2.0.0"
    micromark-util-resolve-all: "npm:^2.0.0"
    micromark-util-sanitize-uri: "npm:^2.0.0"
    micromark-util-subtokenize: "npm:^2.0.0"
    micromark-util-symbol: "npm:^2.0.0"
    micromark-util-types: "npm:^2.0.0"
  checksum: b5d950c84664ce209575e5a54946488f0a1e1240d080544e657b65074c9b08208a5315d9db066b93cbc199ec05f68552ba8b09fd5e716c726f4a4712275a7c5c
  languageName: node
  linkType: hard

"ms@npm:^2.1.3":
  version: 2.1.3
  resolution: "ms@npm:2.1.3"
  checksum: d924b57e7312b3b63ad21fc5b3dc0af5e78d61a1fc7cfb5457edaf26326bf62be5307cc87ffb6862ef1c2b33b0233cdb5d4f01c4c958cc0d660948b65a287a48
  languageName: node
  linkType: hard

"remark-frontmatter@npm:^5.0.0":
  version: 5.0.0
  resolution: "remark-frontmatter@npm:5.0.0"
  dependencies:
    "@types/mdast": "npm:^4.0.0"
    mdast-util-frontmatter: "npm:^2.0.0"
    micromark-extension-frontmatter: "npm:^2.0.0"
    unified: "npm:^11.0.0"
  checksum: 102325d5edbcf30eaf74de8a0a6e03096cc2370dfef19080fd2dd208f368fbb2323388751ac9931a1aa38a4f2828fa4bad6c52dc5249dcadcd34861693b52bf9
  languageName: node
  linkType: hard

"remark-obsidian-pickaxe@workspace:.":
  version: 0.0.0-use.local
  resolution: "remark-obsidian-pickaxe@workspace:."
  dependencies:
    remark-frontmatter: "npm:^5.0.0"
  languageName: unknown
  linkType: soft

"trough@npm:^2.0.0":
  version: 2.2.0
  resolution: "trough@npm:2.2.0"
  checksum: 58b671fc970e7867a48514168894396dd94e6d9d6456aca427cc299c004fe67f35ed7172a36449086b2edde10e78a71a284ec0076809add6834fb8f857ccb9b0
  languageName: node
  linkType: hard

"unified@npm:^11.0.0":
  version: 11.0.5
  resolution: "unified@npm:11.0.5"
  dependencies:
    "@types/unist": "npm:^3.0.0"
    bail: "npm:^2.0.0"
    devlop: "npm:^1.0.0"
    extend: "npm:^3.0.0"
    is-plain-obj: "npm:^4.0.0"
    trough: "npm:^2.0.0"
    vfile: "npm:^6.0.0"
  checksum: 53c8e685f56d11d9d458a43e0e74328a4d6386af51c8ac37a3dcabec74ce5026da21250590d4aff6733ccd7dc203116aae2b0769abc18cdf9639a54ae528dfc9
  languageName: node
  linkType: hard

"unist-util-is@npm:^6.0.0":
  version: 6.0.0
  resolution: "unist-util-is@npm:6.0.0"
  dependencies:
    "@types/unist": "npm:^3.0.0"
  checksum: 9419352181eaa1da35eca9490634a6df70d2217815bb5938a04af3a662c12c5607a2f1014197ec9c426fbef18834f6371bfdb6f033040fa8aa3e965300d70e7e
  languageName: node
  linkType: hard

"unist-util-stringify-position@npm:^4.0.0":
  version: 4.0.0
  resolution: "unist-util-stringify-position@npm:4.0.0"
  dependencies:
    "@types/unist": "npm:^3.0.0"
  checksum: dfe1dbe79ba31f589108cb35e523f14029b6675d741a79dea7e5f3d098785045d556d5650ec6a8338af11e9e78d2a30df12b1ee86529cded1098da3f17ee999e
  languageName: node
  linkType: hard

"unist-util-visit-parents@npm:^6.0.0":
  version: 6.0.1
  resolution: "unist-util-visit-parents@npm:6.0.1"
  dependencies:
    "@types/unist": "npm:^3.0.0"
    unist-util-is: "npm:^6.0.0"
  checksum: 51b1a5b0aa23c97d3e03e7288f0cdf136974df2217d0999d3de573c05001ef04cccd246f51d2ebdfb9e8b0ed2704451ad90ba85ae3f3177cf9772cef67f56206
  languageName: node
  linkType: hard

"unist-util-visit@npm:^5.0.0":
  version: 5.0.0
  resolution: "unist-util-visit@npm:5.0.0"
  dependencies:
    "@types/unist": "npm:^3.0.0"
    unist-util-is: "npm:^6.0.0"
    unist-util-visit-parents: "npm:^6.0.0"
  checksum: 51434a1d80252c1540cce6271a90fd1a106dbe624997c09ed8879279667fb0b2d3a685e02e92bf66598dcbe6cdffa7a5f5fb363af8fdf90dda6c855449ae39a5
  languageName: node
  linkType: hard

"vfile-message@npm:^4.0.0":
  version: 4.0.2
  resolution: "vfile-message@npm:4.0.2"
  dependencies:
    "@types/unist": "npm:^3.0.0"
    unist-util-stringify-position: "npm:^4.0.0"
  checksum: 07671d239a075f888b78f318bc1d54de02799db4e9dce322474e67c35d75ac4a5ac0aaf37b18801d91c9f8152974ea39678aa72d7198758b07f3ba04fb7d7514
  languageName: node
  linkType: hard

"vfile@npm:^6.0.0":
  version: 6.0.3
  resolution: "vfile@npm:6.0.3"
  dependencies:
    "@types/unist": "npm:^3.0.0"
    vfile-message: "npm:^4.0.0"
  checksum: e5d9eb4810623f23758cfc2205323e33552fb5972e5c2e6587babe08fe4d24859866277404fb9e2a20afb71013860d96ec806cb257536ae463c87d70022ab9ef
  languageName: node
  linkType: hard

"zwitch@npm:^2.0.0":
  version: 2.0.4
  resolution: "zwitch@npm:2.0.4"
  checksum: 3c7830cdd3378667e058ffdb4cf2bb78ac5711214e2725900873accb23f3dfe5f9e7e5a06dcdc5f29605da976fc45c26d9a13ca334d6eea2245a15e77b8fc06e
  languageName: node
  linkType: hard
